
Microsoft Visual Studio Solution File, Format Version 12.00
# Visual Studio 15
VisualStudioVersion = 15.0.28307.1340
MinimumVisualStudioVersion = 10.0.40219.1
Project("{FAE04EC0-301F-11D3-BF4B-00C04F79EFBC}") = "WirecastTallyBridge", "WindowsFormsApp1\WirecastTallyBridge.csproj", "{70F0418D-2E01-444A-A739-462088BB64E8}"
EndProject
Global
	GlobalSection(SolutionConfigurationPlatforms) = preSolution
		Debug|Any CPU = Debug|Any CPU
		Release|Any CPU = Release|Any CPU
	EndGlobalSection
	GlobalSection(ProjectConfigurationPlatforms) = postSolution
		{70F0418D-2E01-444A-A739-462088BB64E8}.Debug|Any CPU.ActiveCfg = Debug|Any CPU
		{70F0418D-2E01-444A-A739-462088BB64E8}.Debug|Any CPU.Build.0 = Debug|Any CPU
		{70F0418D-2E01-444A-A739-462088BB64E8}.Release|Any CPU.ActiveCfg = Release|Any CPU
		{70F0418D-2E01-444A-A739-462088BB64E8}.Release|Any CPU.Build.0 = Release|Any CPU
	EndGlobalSection
	GlobalSection(SolutionProperties) = preSolution
		HideSolutionNode = FALSE
	EndGlobalSection
	GlobalSection(ExtensibilityGlobals) = postSolution
		SolutionGuid = {AD132619-5CD6-46AE-92D4-0B8E10D67BE7}
	EndGlobalSection
EndGlobal
